{
  "requires": true,
  "lockfileVersion": 1,
  "dependencies": {
    "@antv/adjust": {
      "version": "0.1.1",
      "resolved": "https://registry.npm.taobao.org/@antv/adjust/download/@antv/adjust-0.1.1.tgz",
      "integrity": "sha1-4mOrDhoZQaZIhC/Ahs9lp+O3Xpg=",
      "requires": {
        "@antv/util": "~1.3.1"
      },
      "dependencies": {
        "@antv/util": {
          "version": "1.3.1",
          "resolved": "https://registry.npm.taobao.org/@antv/util/download/@antv/util-1.3.1.tgz?cache=0&sync_timestamp=1588818415461&other_urls=https%3A%2F%2Fregistry.npm.taobao.org%2F%40antv%2Futil%2Fdownload%2F%40antv%2Futil-1.3.1.tgz",
          "integrity": "sha1-MKNLIB/5Em7A1YxyyBZqnD5kTM0=",
          "requires": {
            "@antv/gl-matrix": "^2.7.1"
          }
        }
      }
    },
    "@antv/f2": {
      "version": "3.6.3",
      "resolved": "https://registry.npm.taobao.org/@antv/f2/download/@antv/f2-3.6.3.tgz",
      "integrity": "sha1-DIATJJSXdzD+aanXYAguBlQLZHU=",
      "requires": {
        "@antv/adjust": "~0.1.1",
        "@antv/scale": "0.1.3",
        "@antv/util": "~2.0.6",
        "@babel/runtime": "^7.7.7",
        "hammerjs": "^2.0.8"
      }
    },
    "@antv/gl-matrix": {
      "version": "2.7.1",
      "resolved": "https://registry.npm.taobao.org/@antv/gl-matrix/download/@antv/gl-matrix-2.7.1.tgz",
      "integrity": "sha1-rLjjf3qz3wE0WrpDcteUK+QuuhQ="
    },
    "@antv/scale": {
      "version": "0.1.3",
      "resolved": "https://registry.npm.taobao.org/@antv/scale/download/@antv/scale-0.1.3.tgz",
      "integrity": "sha1-SHbmFAy33NoZDn/i54CILcrGsJ0=",
      "requires": {
        "@antv/util": "~1.3.1",
        "fecha": "~2.3.3"
      },
      "dependencies": {
        "@antv/util": {
          "version": "1.3.1",
          "resolved": "https://registry.npm.taobao.org/@antv/util/download/@antv/util-1.3.1.tgz?cache=0&sync_timestamp=1588818415461&other_urls=https%3A%2F%2Fregistry.npm.taobao.org%2F%40antv%2Futil%2Fdownload%2F%40antv%2Futil-1.3.1.tgz",
          "integrity": "sha1-MKNLIB/5Em7A1YxyyBZqnD5kTM0=",
          "requires": {
            "@antv/gl-matrix": "^2.7.1"
          }
        }
      }
    },
    "@antv/util": {
      "version": "2.0.9",
      "resolved": "https://registry.npm.taobao.org/@antv/util/download/@antv/util-2.0.9.tgz?cache=0&sync_timestamp=1588818415461&other_urls=https%3A%2F%2Fregistry.npm.taobao.org%2F%40antv%2Futil%2Fdownload%2F%40antv%2Futil-2.0.9.tgz",
      "integrity": "sha1-vT4pajkuEfvieB/eOdjnC6HFPtA=",
      "requires": {
        "tslib": "^1.10.0"
      }
    },
    "@babel/runtime": {
      "version": "7.9.6",
      "resolved": "https://registry.npm.taobao.org/@babel/runtime/download/@babel/runtime-7.9.6.tgz?cache=0&sync_timestamp=1588185696009&other_urls=https%3A%2F%2Fregistry.npm.taobao.org%2F%40babel%2Fruntime%2Fdownload%2F%40babel%2Fruntime-7.9.6.tgz",
      "integrity": "sha1-qRAutcre3z8x0IqezylK94J+op8=",
      "requires": {
        "regenerator-runtime": "^0.13.4"
      }
    },
    "array-filter": {
      "version": "1.0.0",
      "resolved": "https://registry.npm.taobao.org/array-filter/download/array-filter-1.0.0.tgz",
      "integrity": "sha1-uveeYubvTCpMC4MSMtr/7CUfnYM="
    },
    "array-find": {
      "version": "1.0.0",
      "resolved": "https://registry.npm.taobao.org/array-find/download/array-find-1.0.0.tgz",
      "integrity": "sha1-bI4obRHtdoMn+OYuzuhzU8o+eLg="
    },
    "array-map": {
      "version": "0.0.0",
      "resolved": "https://registry.npm.taobao.org/array-map/download/array-map-0.0.0.tgz",
      "integrity": "sha1-iKK6tz0c97zVwbEYoAP2b2ZfpmI="
    },
    "array-shuffle": {
      "version": "1.0.1",
      "resolved": "https://registry.npm.taobao.org/array-shuffle/download/array-shuffle-1.0.1.tgz",
      "integrity": "sha1-fqSIKjVrS8pfVF4LblLq9tlxVXo="
    },
    "autosize": {
      "version": "3.0.21",
      "resolved": "https://registry.npm.taobao.org/autosize/download/autosize-3.0.21.tgz",
      "integrity": "sha1-8YL0DRd1fZeKE5pMnKQMTA5EhgM="
    },
    "axios": {
      "version": "0.15.3",
      "resolved": "https://registry.npm.taobao.org/axios/download/axios-0.15.3.tgz",
      "integrity": "sha1-LJ1jiy4ZGgjqHWzJiOrda6W9wFM=",
      "requires": {
        "follow-redirects": "1.0.0"
      }
    },
    "big.js": {
      "version": "3.2.0",
      "resolved": "https://registry.npm.taobao.org/big.js/download/big.js-3.2.0.tgz",
      "integrity": "sha1-pfwpi4G54Nyi5FiCR4S2XFK6WI4="
    },
    "blueimp-md5": {
      "version": "2.16.0",
      "resolved": "https://registry.npm.taobao.org/blueimp-md5/download/blueimp-md5-2.16.0.tgz?cache=0&sync_timestamp=1589419644333&other_urls=https%3A%2F%2Fregistry.npm.taobao.org%2Fblueimp-md5%2Fdownload%2Fblueimp-md5-2.16.0.tgz",
      "integrity": "sha1-kBi7gF5O4FUS4OjL25MF7uy9yHw="
    },
    "countup.js": {
      "version": "1.9.3",
      "resolved": "https://registry.npm.taobao.org/countup.js/download/countup.js-1.9.3.tgz",
      "integrity": "sha1-zj5QzXFgRB5HjwfaMYle3MDxyd0="
    },
    "debug": {
      "version": "2.6.9",
      "resolved": "https://registry.npm.taobao.org/debug/download/debug-2.6.9.tgz?cache=0&other_urls=https%3A%2F%2Fregistry.npm.taobao.org%2Fdebug%2Fdownload%2Fdebug-2.6.9.tgz",
      "integrity": "sha1-XRKFFd8TT/Mn6QpMk/Tgd6U2NB8=",
      "requires": {
        "ms": "2.0.0"
      }
    },
    "fastclick": {
      "version": "1.0.6",
      "resolved": "https://registry.npm.taobao.org/fastclick/download/fastclick-1.0.6.tgz",
      "integrity": "sha1-FhYlsnsaWAZAWTa9qaLBkm0Gvmo="
    },
    "fecha": {
      "version": "2.3.3",
      "resolved": "https://registry.npm.taobao.org/fecha/download/fecha-2.3.3.tgz",
      "integrity": "sha1-lI50FX3xoy/RsSw6PDzctuydls0="
    },
    "follow-redirects": {
      "version": "1.0.0",
      "resolved": "https://registry.npm.taobao.org/follow-redirects/download/follow-redirects-1.0.0.tgz?cache=0&sync_timestamp=1585479417937&other_urls=https%3A%2F%2Fregistry.npm.taobao.org%2Ffollow-redirects%2Fdownload%2Ffollow-redirects-1.0.0.tgz",
      "integrity": "sha1-jjQpjL0uF28lTv/sdaHHjMhJ/Tc=",
      "requires": {
        "debug": "^2.2.0"
      }
    },
    "hammerjs": {
      "version": "2.0.8",
      "resolved": "https://registry.npm.taobao.org/hammerjs/download/hammerjs-2.0.8.tgz",
      "integrity": "sha1-BO93hiz/K7edMPdpIJWTAiK/YPE="
    },
    "lodash.debounce": {
      "version": "4.0.8",
      "resolved": "https://registry.npm.taobao.org/lodash.debounce/download/lodash.debounce-4.0.8.tgz?cache=0&sync_timestamp=1587903567731&other_urls=https%3A%2F%2Fregistry.npm.taobao.org%2Flodash.debounce%2Fdownload%2Flodash.debounce-4.0.8.tgz",
      "integrity": "sha1-gteb/zCmfEAF/9XiUVMArZyk168="
    },
    "lodash.throttle": {
      "version": "4.1.1",
      "resolved": "https://registry.npm.taobao.org/lodash.throttle/download/lodash.throttle-4.1.1.tgz",
      "integrity": "sha1-wj6RtxAkKscMN/HhzaknTMOb8vQ="
    },
    "ms": {
      "version": "2.0.0",
      "resolved": "https://registry.npm.taobao.org/ms/download/ms-2.0.0.tgz?cache=0&other_urls=https%3A%2F%2Fregistry.npm.taobao.org%2Fms%2Fdownload%2Fms-2.0.0.tgz",
      "integrity": "sha1-VgiurfwAvmwpAd9fmGF4jeDVl8g="
    },
    "object-assign": {
      "version": "4.1.1",
      "resolved": "https://registry.npm.taobao.org/object-assign/download/object-assign-4.1.1.tgz?cache=0&other_urls=https%3A%2F%2Fregistry.npm.taobao.org%2Fobject-assign%2Fdownload%2Fobject-assign-4.1.1.tgz",
      "integrity": "sha1-IQmtx5ZYh8/AXLvUQsrIv7s2CGM="
    },
    "qr.js": {
      "version": "0.0.0",
      "resolved": "https://registry.npm.taobao.org/qr.js/download/qr.js-0.0.0.tgz",
      "integrity": "sha1-ys6GOG9ZoNuAUPqQ2baw6IoeNk8="
    },
    "regenerator-runtime": {
      "version": "0.13.5",
      "resolved": "https://registry.npm.taobao.org/regenerator-runtime/download/regenerator-runtime-0.13.5.tgz?cache=0&sync_timestamp=1584052597708&other_urls=https%3A%2F%2Fregistry.npm.taobao.org%2Fregenerator-runtime%2Fdownload%2Fregenerator-runtime-0.13.5.tgz",
      "integrity": "sha1-2Hih0JS0MG0QuQlkhLM+vVXiZpc="
    },
    "shake.js": {
      "version": "1.2.2",
      "resolved": "https://registry.npm.taobao.org/shake.js/download/shake.js-1.2.2.tgz",
      "integrity": "sha1-sqxWCoKr5o14oCliOnCI4bMLrP8="
    },
    "tslib": {
      "version": "1.13.0",
      "resolved": "https://registry.npm.taobao.org/tslib/download/tslib-1.13.0.tgz",
      "integrity": "sha1-yIHhPMcBWJTtkUhi0nZDb6mkcEM="
    },
    "validator": {
      "version": "9.4.1",
      "resolved": "https://registry.npm.taobao.org/validator/download/validator-9.4.1.tgz",
      "integrity": "sha1-q/Rm05i1Yc0kMFARLG/x3mzBJmM="
    },
    "vanilla-masker": {
      "version": "1.2.0",
      "resolved": "https://registry.npm.taobao.org/vanilla-masker/download/vanilla-masker-1.2.0.tgz",
      "integrity": "sha1-woMOnZlKX+zSJhUGR3wnB/5Yl1Y="
    },
    "vux": {
      "version": "2.9.4",
      "resolved": "https://registry.npm.taobao.org/vux/download/vux-2.9.4.tgz",
      "integrity": "sha1-OWTfTwrFSz+/bMm+sHLkTc4Ar6o=",
      "requires": {
        "@antv/f2": "^3.1.4-beta.2",
        "array-filter": "^1.0.0",
        "array-find": "^1.0.0",
        "array-map": "^0.0.0",
        "array-shuffle": "^1.0.1",
        "autosize": "^3.0.20",
        "axios": "^0.15.3",
        "big.js": "^3.1.3",
        "blueimp-md5": "^2.6.0",
        "countup.js": "^1.8.1",
        "fastclick": "^1.0.6",
        "lodash.debounce": "^4.0.8",
        "lodash.throttle": "^4.1.1",
        "object-assign": "^4.1.0",
        "qr.js": "0.0.0",
        "shake.js": "^1.2.2",
        "validator": "^9.3.0",
        "vanilla-masker": "^1.2.0",
        "vux-blazy": "^1.6.4",
        "vux-xscroll": "^3.1.10",
        "x-photoswipe": "^4.1.3-rc.1"
      }
    },
    "vux-blazy": {
      "version": "1.6.4",
      "resolved": "https://registry.npm.taobao.org/vux-blazy/download/vux-blazy-1.6.4.tgz",
      "integrity": "sha1-4zBz2QLgo4RO8aRjzOPKLgqrR78="
    },
    "vux-xscroll": {
      "version": "3.1.12",
      "resolved": "https://registry.npm.taobao.org/vux-xscroll/download/vux-xscroll-3.1.12.tgz",
      "integrity": "sha1-41Ln+dxfn+6SU9szHJZ91Ws7yVA="
    },
    "x-photoswipe": {
      "version": "4.1.3-rc.1",
      "resolved": "https://registry.npm.taobao.org/x-photoswipe/download/x-photoswipe-4.1.3-rc.1.tgz",
      "integrity": "sha1-52GQF1LdPdH3GOU4UUtgm13199s="
    }
  }
}
